// !$*UTF8*$!
{
	archiveVersion = 1;
	classes = {
	};
	objectVersion = 46;
	objects = {

/* Begin PBXBuildFile section */
		8DD76F6A0486A84900D96B5E /* RayCaster.1 in CopyFiles */ = {isa = PBXBuildFile; fileRef = C6859E8B029090EE04C91782 /* RayCaster.1 */; };
		E02486FC12AE5F0000FDECAF /* volumeRender.cl in Sources */ = {isa = PBXBuildFile; fileRef = E02486FB12AE5F0000FDECAF /* volumeRender.cl */; };
		E0A4429A12AE49A300EC140D /* oclVolumeRender.cpp in Sources */ = {isa = PBXBuildFile; fileRef = E0A4429912AE49A300EC140D /* oclVolumeRender.cpp */; };
		E0A442BC12AE50B900EC140D /* OpenGL.framework in Frameworks */ = {isa = PBXBuildFile; fileRef = E0A442BB12AE50B900EC140D /* OpenGL.framework */; };
		E0A442CC12AE542B00EC140D /* OpenCL.framework in Frameworks */ = {isa = PBXBuildFile; fileRef = E0A442CB12AE542B00EC140D /* OpenCL.framework */; };
		E0A442EB12AE569800EC140D /* shrUtils.cpp in Sources */ = {isa = PBXBuildFile; fileRef = E0A442EA12AE569800EC140D /* shrUtils.cpp */; };
		E0A442EF12AE56B100EC140D /* GLUT.framework in Frameworks */ = {isa = PBXBuildFile; fileRef = E0A442EE12AE56B100EC140D /* GLUT.framework */; };
		E0A442F512AE571800EC140D /* oclUtils.cpp in Sources */ = {isa = PBXBuildFile; fileRef = E0A442F412AE571800EC140D /* oclUtils.cpp */; };
		E0A442F912AE575D00EC140D /* cmd_arg_reader.cpp in Sources */ = {isa = PBXBuildFile; fileRef = E0A442F812AE575D00EC140D /* cmd_arg_reader.cpp */; };
/* End PBXBuildFile section */

/* Begin PBXCopyFilesBuildPhase section */
		8DD76F690486A84900D96B5E /* CopyFiles */ = {
			isa = PBXCopyFilesBuildPhase;
			buildActionMask = 8;
			dstPath = /usr/share/man/man1/;
			dstSubfolderSpec = 0;
			files = (
				8DD76F6A0486A84900D96B5E /* RayCaster.1 in CopyFiles */,
			);
			runOnlyForDeploymentPostprocessing = 1;
		};
/* End PBXCopyFilesBuildPhase section */

/* Begin PBXFileReference section */
		8DD76F6C0486A84900D96B5E /* RayCaster */ = {isa = PBXFileReference; explicitFileType = "compiled.mach-o.executable"; includeInIndex = 0; path = RayCaster; sourceTree = BUILT_PRODUCTS_DIR; };
		C6859E8B029090EE04C91782 /* RayCaster.1 */ = {isa = PBXFileReference; lastKnownFileType = text.man; path = RayCaster.1; sourceTree = "<group>"; };
		E02486FB12AE5F0000FDECAF /* volumeRender.cl */ = {isa = PBXFileReference; fileEncoding = 4; lastKnownFileType = sourcecode.opencl; path = volumeRender.cl; sourceTree = "<group>"; };
		E0A4429912AE49A300EC140D /* oclVolumeRender.cpp */ = {isa = PBXFileReference; fileEncoding = 4; lastKnownFileType = sourcecode.cpp.cpp; path = oclVolumeRender.cpp; sourceTree = "<group>"; };
		E0A442BB12AE50B900EC140D /* OpenGL.framework */ = {isa = PBXFileReference; lastKnownFileType = wrapper.framework; name = OpenGL.framework; path = System/Library/Frameworks/OpenGL.framework; sourceTree = SDKROOT; };
		E0A442CB12AE542B00EC140D /* OpenCL.framework */ = {isa = PBXFileReference; lastKnownFileType = wrapper.framework; name = OpenCL.framework; path = System/Library/Frameworks/OpenCL.framework; sourceTree = SDKROOT; };
		E0A442EA12AE569800EC140D /* shrUtils.cpp */ = {isa = PBXFileReference; fileEncoding = 4; lastKnownFileType = sourcecode.cpp.cpp; name = shrUtils.cpp; path = "GPU Computing/shared/src/shrUtils.cpp"; sourceTree = DEVELOPER_DIR; };
		E0A442EE12AE56B100EC140D /* GLUT.framework */ = {isa = PBXFileReference; lastKnownFileType = wrapper.framework; name = GLUT.framework; path = System/Library/Frameworks/GLUT.framework; sourceTree = SDKROOT; };
		E0A442F412AE571800EC140D /* oclUtils.cpp */ = {isa = PBXFileReference; fileEncoding = 4; lastKnownFileType = sourcecode.cpp.cpp; name = oclUtils.cpp; path = "GPU Computing/OpenCL/common/src/oclUtils.cpp"; sourceTree = DEVELOPER_DIR; };
		E0A442F812AE575D00EC140D /* cmd_arg_reader.cpp */ = {isa = PBXFileReference; fileEncoding = 4; lastKnownFileType = sourcecode.cpp.cpp; name = cmd_arg_reader.cpp; path = "GPU Computing/shared/src/cmd_arg_reader.cpp"; sourceTree = DEVELOPER_DIR; };
/* End PBXFileReference section */

/* Begin PBXFrameworksBuildPhase section */
		8DD76F660486A84900D96B5E /* Frameworks */ = {
			isa = PBXFrameworksBuildPhase;
			buildActionMask = 2147483647;
			files = (
				E0A442BC12AE50B900EC140D /* OpenGL.framework in Frameworks */,
				E0A442CC12AE542B00EC140D /* OpenCL.framework in Frameworks */,
				E0A442EF12AE56B100EC140D /* GLUT.framework in Frameworks */,
			);
			runOnlyForDeploymentPostprocessing = 0;
		};
/* End PBXFrameworksBuildPhase section */

/* Begin PBXGroup section */
		08FB7794FE84155DC02AAC07 /* RayCaster */ = {
			isa = PBXGroup;
			children = (
				08FB7795FE84155DC02AAC07 /* Source */,
				C6859E8C029090F304C91782 /* Documentation */,
				1AB674ADFE9D54B511CA2CBB /* Products */,
				E0A442BB12AE50B900EC140D /* OpenGL.framework */,
				E0A442CB12AE542B00EC140D /* OpenCL.framework */,
				E0A442EE12AE56B100EC140D /* GLUT.framework */,
			);
			name = RayCaster;
			sourceTree = "<group>";
		};
		08FB7795FE84155DC02AAC07 /* Source */ = {
			isa = PBXGroup;
			children = (
				E02486FB12AE5F0000FDECAF /* volumeRender.cl */,
				E0A442F812AE575D00EC140D /* cmd_arg_reader.cpp */,
				E0A442F412AE571800EC140D /* oclUtils.cpp */,
				E0A442EA12AE569800EC140D /* shrUtils.cpp */,
				E0A4429912AE49A300EC140D /* oclVolumeRender.cpp */,
			);
			name = Source;
			sourceTree = "<group>";
		};
		1AB674ADFE9D54B511CA2CBB /* Products */ = {
			isa = PBXGroup;
			children = (
				8DD76F6C0486A84900D96B5E /* RayCaster */,
			);
			name = Products;
			sourceTree = "<group>";
		};
		C6859E8C029090F304C91782 /* Documentation */ = {
			isa = PBXGroup;
			children = (
				C6859E8B029090EE04C91782 /* RayCaster.1 */,
			);
			name = Documentation;
			sourceTree = "<group>";
		};
/* End PBXGroup section */

/* Begin PBXNativeTarget section */
		8DD76F620486A84900D96B5E /* RayCaster */ = {
			isa = PBXNativeTarget;
			buildConfigurationList = 1DEB923108733DC60010E9CD /* Build configuration list for PBXNativeTarget "RayCaster" */;
			buildPhases = (
				8DD76F640486A84900D96B5E /* Sources */,
				8DD76F660486A84900D96B5E /* Frameworks */,
				8DD76F690486A84900D96B5E /* CopyFiles */,
			);
			buildRules = (
			);
			dependencies = (
			);
			name = RayCaster;
			productInstallPath = "$(HOME)/bin";
			productName = RayCaster;
			productReference = 8DD76F6C0486A84900D96B5E /* RayCaster */;
			productType = "com.apple.product-type.tool";
		};
/* End PBXNativeTarget section */

/* Begin PBXProject section */
		08FB7793FE84155DC02AAC07 /* Project object */ = {
			isa = PBXProject;
			buildConfigurationList = 1DEB923508733DC60010E9CD /* Build configuration list for PBXProject "RayCaster" */;
			compatibilityVersion = "Xcode 3.2";
			hasScannedForEncodings = 1;
			mainGroup = 08FB7794FE84155DC02AAC07 /* RayCaster */;
			projectDirPath = "";
			projectRoot = "";
			targets = (
				8DD76F620486A84900D96B5E /* RayCaster */,
			);
		};
/* End PBXProject section */

/* Begin PBXSourcesBuildPhase section */
		8DD76F640486A84900D96B5E /* Sources */ = {
			isa = PBXSourcesBuildPhase;
			buildActionMask = 2147483647;
			files = (
				E0A4429A12AE49A300EC140D /* oclVolumeRender.cpp in Sources */,
				E0A442EB12AE569800EC140D /* shrUtils.cpp in Sources */,
				E0A442F512AE571800EC140D /* oclUtils.cpp in Sources */,
				E0A442F912AE575D00EC140D /* cmd_arg_reader.cpp in Sources */,
				E02486FC12AE5F0000FDECAF /* volumeRender.cl in Sources */,
			);
			runOnlyForDeploymentPostprocessing = 0;
		};
/* End PBXSourcesBuildPhase section */

/* Begin XCBuildConfiguration section */
		1DEB923208733DC60010E9CD /* Debug */ = {
			isa = XCBuildConfiguration;
			buildSettings = {
				ALWAYS_SEARCH_USER_PATHS = NO;
				COPY_PHASE_STRIP = NO;
				GCC_DYNAMIC_NO_PIC = NO;
				GCC_ENABLE_FIX_AND_CONTINUE = YES;
				GCC_MODEL_TUNING = G5;
				GCC_OPTIMIZATION_LEVEL = 0;
				INSTALL_PATH = /usr/local/bin;
				PRODUCT_NAME = RayCaster;
			};
			name = Debug;
		};
		1DEB923308733DC60010E9CD /* Release */ = {
			isa = XCBuildConfiguration;
			buildSettings = {
				ALWAYS_SEARCH_USER_PATHS = NO;
				DEBUG_INFORMATION_FORMAT = "dwarf-with-dsym";
				GCC_MODEL_TUNING = G5;
				INSTALL_PATH = /usr/local/bin;
				PRODUCT_NAME = RayCaster;
			};
			name = Release;
		};
		1DEB923608733DC60010E9CD /* Debug */ = {
			isa = XCBuildConfiguration;
			buildSettings = {
				ARCHS = "$(ARCHS_STANDARD_32_64_BIT)";
				GCC_C_LANGUAGE_STANDARD = gnu99;
				GCC_OPTIMIZATION_LEVEL = 0;
				GCC_PREPROCESSOR_DEFINITIONS = UNIX;
				GCC_WARN_ABOUT_RETURN_TYPE = YES;
				GCC_WARN_UNUSED_VARIABLE = YES;
				HEADER_SEARCH_PATHS = (
					"\"/Developer/GPU Computing/shared/inc\"",
					"\"/Developer/GPU Computing/OpenCL/common/inc\"",
				);
				LIBRARY_SEARCH_PATHS = /usr/lib;
				ONLY_ACTIVE_ARCH = YES;
				OTHER_LDFLAGS = /usr/lib/libGLEW.a;
				PREBINDING = NO;
				SDKROOT = macosx10.6;
				SYMROOT = ../../build;
			};
			name = Debug;
		};
		1DEB923708733DC60010E9CD /* Release */ = {
			isa = XCBuildConfiguration;
			buildSettings = {
				ARCHS = "$(ARCHS_STANDARD_32_64_BIT)";
				GCC_C_LANGUAGE_STANDARD = gnu99;
				GCC_PREPROCESSOR_DEFINITIONS = UNIX;
				GCC_WARN_ABOUT_RETURN_TYPE = YES;
				GCC_WARN_UNUSED_VARIABLE = YES;
				HEADER_SEARCH_PATHS = (
					"\"/Developer/GPU Computing/shared/inc\"",
					"\"/Developer/GPU Computing/OpenCL/common/inc\"",
				);
				LIBRARY_SEARCH_PATHS = /usr/lib;
				OTHER_LDFLAGS = /usr/lib/libGLEW.a;
				PREBINDING = NO;
				SDKROOT = macosx10.6;
				SYMROOT = ../../build;
			};
			name = Release;
		};
/* End XCBuildConfiguration section */

/* Begin XCConfigurationList section */
		1DEB923108733DC60010E9CD /* Build configuration list for PBXNativeTarget "RayCaster" */ = {
			isa = XCConfigurationList;
			buildConfigurations = (
				1DEB923208733DC60010E9CD /* Debug */,
				1DEB923308733DC60010E9CD /* Release */,
			);
			defaultConfigurationIsVisible = 0;
			defaultConfigurationName = Release;
		};
		1DEB923508733DC60010E9CD /* Build configuration list for PBXProject "RayCaster" */ = {
			isa = XCConfigurationList;
			buildConfigurations = (
				1DEB923608733DC60010E9CD /* Debug */,
				1DEB923708733DC60010E9CD /* Release */,
			);
			defaultConfigurationIsVisible = 0;
			defaultConfigurationName = Release;
		};
/* End XCConfigurationList section */
	};
	rootObject = 08FB7793FE84155DC02AAC07 /* Project object */;
}
